// !$*UTF8*$!
{
	archiveVersion = 1;
	classes = {
	};
	objectVersion = 48;
	objects = {

/* Begin PBXBuildFile section */
		4F1E6E201FED3F41002DCD64 /* TopViewController.swift in Sources */ = {isa = PBXBuildFile; fileRef = 4F1E6E1F1FED3F41002DCD64 /* TopViewController.swift */; };
		4F47E47F1FDD34E700496FAF /* AppDelegate.swift in Sources */ = {isa = PBXBuildFile; fileRef = 4F47E47E1FDD34E700496FAF /* AppDelegate.swift */; };
		4F47E4811FDD34E700496FAF /* ViewController.swift in Sources */ = {isa = PBXBuildFile; fileRef = 4F47E4801FDD34E700496FAF /* ViewController.swift */; };
		4F47E4831FDD34E700496FAF /* Assets.xcassets in Resources */ = {isa = PBXBuildFile; fileRef = 4F47E4821FDD34E700496FAF /* Assets.xcassets */; };
		4F47E4861FDD34E700496FAF /* Main.storyboard in Resources */ = {isa = PBXBuildFile; fileRef = 4F47E4841FDD34E700496FAF /* Main.storyboard */; };
/* End PBXBuildFile section */

/* Begin PBXFileReference section */
		4F1E6E1F1FED3F41002DCD64 /* TopViewController.swift */ = {isa = PBXFileReference; lastKnownFileType = sourcecode.swift; path = TopViewController.swift; sourceTree = "<group>"; };
		4F47E47B1FDD34E600496FAF /* sessionpaint.app */ = {isa = PBXFileReference; explicitFileType = wrapper.application; includeInIndex = 0; path = sessionpaint.app; sourceTree = BUILT_PRODUCTS_DIR; };
		4F47E47E1FDD34E700496FAF /* AppDelegate.swift */ = {isa = PBXFileReference; lastKnownFileType = sourcecode.swift; path = AppDelegate.swift; sourceTree = "<group>"; };
		4F47E4801FDD34E700496FAF /* ViewController.swift */ = {isa = PBXFileReference; lastKnownFileType = sourcecode.swift; path = ViewController.swift; sourceTree = "<group>"; };
		4F47E4821FDD34E700496FAF /* Assets.xcassets */ = {isa = PBXFileReference; lastKnownFileType = folder.assetcatalog; path = Assets.xcassets; sourceTree = "<group>"; };
		4F47E4851FDD34E700496FAF /* Base */ = {isa = PBXFileReference; lastKnownFileType = file.storyboard; name = Base; path = Base.lproj/Main.storyboard; sourceTree = "<group>"; };
		4F47E4871FDD34E700496FAF /* Info.plist */ = {isa = PBXFileReference; lastKnownFileType = text.plist.xml; path = Info.plist; sourceTree = "<group>"; };
		4F47E4881FDD34E700496FAF /* sessionpaint.entitlements */ = {isa = PBXFileReference; lastKnownFileType = text.plist.entitlements; path = sessionpaint.entitlements; sourceTree = "<group>"; };
/* End PBXFileReference section */

/* Begin PBXFrameworksBuildPhase section */
		4F47E4781FDD34E600496FAF /* Frameworks */ = {
			isa = PBXFrameworksBuildPhase;
			buildActionMask = 2147483647;
			files = (
			);
			runOnlyForDeploymentPostprocessing = 0;
		};
/* End PBXFrameworksBuildPhase section */

/* Begin PBXGroup section */
		4F47E4721FDD34E600496FAF = {
			isa = PBXGroup;
			children = (
				4F47E47D1FDD34E600496FAF /* sessionpaint */,
				4F47E47C1FDD34E600496FAF /* Products */,
			);
			sourceTree = "<group>";
		};
		4F47E47C1FDD34E600496FAF /* Products */ = {
			isa = PBXGroup;
			children = (
				4F47E47B1FDD34E600496FAF /* sessionpaint.app */,
			);
			name = Products;
			sourceTree = "<group>";
		};
		4F47E47D1FDD34E600496FAF /* sessionpaint */ = {
			isa = PBXGroup;
			children = (
				4F47E47E1FDD34E700496FAF /* AppDelegate.swift */,
				4F47E4801FDD34E700496FAF /* ViewController.swift */,
				4F1E6E1F1FED3F41002DCD64 /* TopViewController.swift */,
				4F47E4821FDD34E700496FAF /* Assets.xcassets */,
				4F47E4841FDD34E700496FAF /* Main.storyboard */,
				4F47E4871FDD34E700496FAF /* Info.plist */,
				4F47E4881FDD34E700496FAF /* sessionpaint.entitlements */,
			);
			path = sessionpaint;
			sourceTree = "<group>";
		};
/* End PBXGroup section */

/* Begin PBXNativeTarget section */
		4F47E47A1FDD34E600496FAF /* sessionpaint */ = {
			isa = PBXNativeTarget;
			buildConfigurationList = 4F47E48B1FDD34E700496FAF /* Build configuration list for PBXNativeTarget "sessionpaint" */;
			buildPhases = (
				4F47E4771FDD34E600496FAF /* Sources */,
				4F47E4781FDD34E600496FAF /* Frameworks */,
				4F47E4791FDD34E600496FAF /* Resources */,
			);
			buildRules = (
			);
			dependencies = (
			);
			name = sessionpaint;
			productName = sessionpaint;
			productReference = 4F47E47B1FDD34E600496FAF /* sessionpaint.app */;
			productType = "com.apple.product-type.application";
		};
/* End PBXNativeTarget section */

/* Begin PBXProject section */
		4F47E4731FDD34E600496FAF /* Project object */ = {
			isa = PBXProject;
			attributes = {
				LastSwiftUpdateCheck = 0920;
				LastUpgradeCheck = 0920;
				ORGANIZATIONNAME = HashimotoYusuke;
				TargetAttributes = {
					4F47E47A1FDD34E600496FAF = {
						CreatedOnToolsVersion = 9.2;
						ProvisioningStyle = Automatic;
					};
				};
			};
			buildConfigurationList = 4F47E4761FDD34E600496FAF /* Build configuration list for PBXProject "sessionpaint" */;
			compatibilityVersion = "Xcode 8.0";
			developmentRegion = en;
			hasScannedForEncodings = 0;
			knownRegions = (
				en,
				Base,
			);
			mainGroup = 4F47E4721FDD34E600496FAF;
			productRefGroup = 4F47E47C1FDD34E600496FAF /* Products */;
			projectDirPath = "";
			projectRoot = "";
			targets = (
				4F47E47A1FDD34E600496FAF /* sessionpaint */,
			);
		};
/* End PBXProject section */

/* Begin PBXResourcesBuildPhase section */
		4F47E4791FDD34E600496FAF /* Resources */ = {
			isa = PBXResourcesBuildPhase;
			buildActionMask = 2147483647;
			files = (
				4F47E4831FDD34E700496FAF /* Assets.xcassets in Resources */,
				4F47E4861FDD34E700496FAF /* Main.storyboard in Resources */,
			);
			runOnlyForDeploymentPostprocessing = 0;
		};
/* End PBXResourcesBuildPhase section */

/* Begin PBXSourcesBuildPhase section */
		4F47E4771FDD34E600496FAF /* Sources */ = {
			isa = PBXSourcesBuildPhase;
			buildActionMask = 2147483647;
			files = (
				4F1E6E201FED3F41002DCD64 /* TopViewController.swift in Sources */,
				4F47E4811FDD34E700496FAF /* ViewController.swift in Sources */,
				4F47E47F1FDD34E700496FAF /* AppDelegate.swift in Sources */,
			);
			runOnlyForDeploymentPostprocessing = 0;
		};
/* End PBXSourcesBuildPhase section */

/* Begin PBXVariantGroup section */
		4F47E4841FDD34E700496FAF /* Main.storyboard */ = {
			isa = PBXVariantGroup;
			children = (
				4F47E4851FDD34E700496FAF /* Base */,
			);
			name = Main.storyboard;
			sourceTree = "<group>";
		};
/* End PBXVariantGroup section */

/* Begin XCBuildConfiguration section */
		4F47E4891FDD34E700496FAF /* Debug */ = {
			isa = XCBuildConfiguration;
			buildSettings = {
				ALWAYS_SEARCH_USER_PATHS = NO;
				CLANG_ANALYZER_NONNULL = YES;
				CLANG_ANALYZER_NUMBER_OBJECT_CONVERSION = YES_AGGRESSIVE;
				CLANG_CXX_LANGUAGE_STANDARD = "gnu++14";
				CLANG_CXX_LIBRARY = "libc++";
				CLANG_ENABLE_MODULES = YES;
				CLANG_ENABLE_OBJC_ARC = YES;
				CLANG_WARN_BLOCK_CAPTURE_AUTORELEASING = YES;
				CLANG_WARN_BOOL_CONVERSION = YES;
				CLANG_WARN_COMMA = YES;
				CLANG_WARN_CONSTANT_CONVERSION = YES;
				CLANG_WARN_DIRECT_OBJC_ISA_USAGE = YES_ERROR;
				CLANG_WARN_DOCUMENTATION_COMMENTS = YES;
				CLANG_WARN_EMPTY_BODY = YES;
				CLANG_WARN_ENUM_CONVERSION = YES;
				CLANG_WARN_INFINITE_RECURSION = YES;
				CLANG_WARN_INT_CONVERSION = YES;
				CLANG_WARN_NON_LITERAL_NULL_CONVERSION = YES;
				CLANG_WARN_OBJC_LITERAL_CONVERSION = YES;
				CLANG_WARN_OBJC_ROOT_CLASS = YES_ERROR;
				CLANG_WARN_RANGE_LOOP_ANALYSIS = YES;
				CLANG_WARN_STRICT_PROTOTYPES = YES;
				CLANG_WARN_SUSPICIOUS_MOVE = YES;
				CLANG_WARN_UNGUARDED_AVAILABILITY = YES_AGGRESSIVE;
				CLANG_WARN_UNREACHABLE_CODE = YES;
				CLANG_WARN__DUPLICATE_METHOD_MATCH = YES;
				CODE_SIGN_IDENTITY = "-";
				COPY_PHASE_STRIP = NO;
				DEBUG_INFORMATION_FORMAT = dwarf;
				ENABLE_STRICT_OBJC_MSGSEND = YES;
				ENABLE_TESTABILITY = YES;
				GCC_C_LANGUAGE_STANDARD = gnu11;
				GCC_DYNAMIC_NO_PIC = NO;
				GCC_NO_COMMON_BLOCKS = YES;
				GCC_OPTIMIZATION_LEVEL = 0;
				GCC_PREPROCESSOR_DEFINITIONS = (
					"DEBUG=1",
					"$(inherited)",
				);
				GCC_WARN_64_TO_32_BIT_CONVERSION = YES;
				GCC_WARN_ABOUT_RETURN_TYPE = YES_ERROR;
				GCC_WARN_UNDECLARED_SELECTOR = YES;
				GCC_WARN_UNINITIALIZED_AUTOS = YES_AGGRESSIVE;
				GCC_WARN_UNUSED_FUNCTION = YES;
				GCC_WARN_UNUSED_VARIABLE = YES;
				MACOSX_DEPLOYMENT_TARGET = 10.12;
				MTL_ENABLE_DEBUG_INFO = YES;
				ONLY_ACTIVE_ARCH = YES;
				SDKROOT = macosx;
				SWIFT_ACTIVE_COMPILATION_CONDITIONS = DEBUG;
				SWIFT_OPTIMIZATION_LEVEL = "-Onone";
			};
			name = Debug;
		};
		4F47E48A1FDD34E700496FAF /* Release */ = {
			isa = XCBuildConfiguration;
			buildSettings = {
				ALWAYS_SEARCH_USER_PATHS = NO;
				CLANG_ANALYZER_NONNULL = YES;
				CLANG_ANALYZER_NUMBER_OBJECT_CONVERSION = YES_AGGRESSIVE;
				CLANG_CXX_LANGUAGE_STANDARD = "gnu++14";
				CLANG_CXX_LIBRARY = "libc++";
				CLANG_ENABLE_MODULES = YES;
				CLANG_ENABLE_OBJC_ARC = YES;
				CLANG_WARN_BLOCK_CAPTURE_AUTORELEASING = YES;
				CLANG_WARN_BOOL_CONVERSION = YES;
				CLANG_WARN_COMMA = YES;
				CLANG_WARN_CONSTANT_CONVERSION = YES;
				CLANG_WARN_DIRECT_OBJC_ISA_USAGE = YES_ERROR;
				CLANG_WARN_DOCUMENTATION_COMMENTS = YES;
				CLANG_WARN_EMPTY_BODY = YES;
				CLANG_WARN_ENUM_CONVERSION = YES;
				CLANG_WARN_INFINITE_RECURSION = YES;
				CLANG_WARN_INT_CONVERSION = YES;
				CLANG_WARN_NON_LITERAL_NULL_CONVERSION = YES;
				CLANG_WARN_OBJC_LITERAL_CONVERSION = YES;
				CLANG_WARN_OBJC_ROOT_CLASS = YES_ERROR;
				CLANG_WARN_RANGE_LOOP_ANALYSIS = YES;
				CLANG_WARN_STRICT_PROTOTYPES = YES;
				CLANG_WARN_SUSPICIOUS_MOVE = YES;
				CLANG_WARN_UNGUARDED_AVAILABILITY = YES_AGGRESSIVE;
				CLANG_WARN_UNREACHABLE_CODE = YES;
				CLANG_WARN__DUPLICATE_METHOD_MATCH = YES;
				CODE_SIGN_IDENTITY = "-";
				COPY_PHASE_STRIP = NO;
				DEBUG_INFORMATION_FORMAT = "dwarf-with-dsym";
				ENABLE_NS_ASSERTIONS = NO;
				ENABLE_STRICT_OBJC_MSGSEND = YES;
				GCC_C_LANGUAGE_STANDARD = gnu11;
				GCC_NO_COMMON_BLOCKS = YES;
				GCC_WARN_64_TO_32_BIT_CONVERSION = YES;
				GCC_WARN_ABOUT_RETURN_TYPE = YES_ERROR;
				GCC_WARN_UNDECLARED_SELECTOR = YES;
				GCC_WARN_UNINITIALIZED_AUTOS = YES_AGGRESSIVE;
				GCC_WARN_UNUSED_FUNCTION = YES;
				GCC_WARN_UNUSED_VARIABLE = YES;
				MACOSX_DEPLOYMENT_TARGET = 10.12;
				MTL_ENABLE_DEBUG_INFO = NO;
				SDKROOT = macosx;
				SWIFT_OPTIMIZATION_LEVEL = "-Owholemodule";
			};
			name = Release;
		};
		4F47E48C1FDD34E700496FAF /* Debug */ = {
			isa = XCBuildConfiguration;
			buildSettings = {
				ASSETCATALOG_COMPILER_APPICON_NAME = AppIcon;
				CODE_SIGN_ENTITLEMENTS = sessionpaint/sessionpaint.entitlements;
				CODE_SIGN_STYLE = Automatic;
				COMBINE_HIDPI_IMAGES = YES;
				INFOPLIST_FILE = sessionpaint/Info.plist;
				LD_RUNPATH_SEARCH_PATHS = "$(inherited) @executable_path/../Frameworks";
				PRODUCT_BUNDLE_IDENTIFIER = jp.co.sessionpaint.sessionpaint;
				PRODUCT_NAME = "$(TARGET_NAME)";
				SWIFT_VERSION = 4.0;
			};
			name = Debug;
		};
		4F47E48D1FDD34E700496FAF /* Release */ = {
			isa = XCBuildConfiguration;
			buildSettings = {
				ASSETCATALOG_COMPILER_APPICON_NAME = AppIcon;
				CODE_SIGN_ENTITLEMENTS = sessionpaint/sessionpaint.entitlements;
				CODE_SIGN_STYLE = Automatic;
				COMBINE_HIDPI_IMAGES = YES;
				INFOPLIST_FILE = sessionpaint/Info.plist;
				LD_RUNPATH_SEARCH_PATHS = "$(inherited) @executable_path/../Frameworks";
				PRODUCT_BUNDLE_IDENTIFIER = jp.co.sessionpaint.sessionpaint;
				PRODUCT_NAME = "$(TARGET_NAME)";
				SWIFT_VERSION = 4.0;
			};
			name = Release;
		};
/* End XCBuildConfiguration section */

/* Begin XCConfigurationList section */
		4F47E4761FDD34E600496FAF /* Build configuration list for PBXProject "sessionpaint" */ = {
			isa = XCConfigurationList;
			buildConfigurations = (
				4F47E4891FDD34E700496FAF /* Debug */,
				4F47E48A1FDD34E700496FAF /* Release */,
			);
			defaultConfigurationIsVisible = 0;
			defaultConfigurationName = Release;
		};
		4F47E48B1FDD34E700496FAF /* Build configuration list for PBXNativeTarget "sessionpaint" */ = {
			isa = XCConfigurationList;
			buildConfigurations = (
				4F47E48C1FDD34E700496FAF /* Debug */,
				4F47E48D1FDD34E700496FAF /* Release */,
			);
			defaultConfigurationIsVisible = 0;
			defaultConfigurationName = Release;
		};
/* End XCConfigurationList section */
	};
	rootObject = 4F47E4731FDD34E600496FAF /* Project object */;
}
